<?xml version="1.0" encoding="utf-8"?>
<Project ToolsVersion="4.0" xmlns="http://schemas.microsoft.com/developer/msbuild/2003">
  <ItemGroup>
    <ClCompile Include="src\dllmain.cpp" />
    <ClCompile Include="src\resources\helper.cpp">
      <Filter>Utility</Filter>
    </ClCompile>
    <ClCompile Include="src\resources\version_checking.cpp">
      <Filter>Utility</Filter>
    </ClCompile>
    <ClCompile Include="src\resources\logging.cpp">
      <Filter>Utility</Filter>
    </ClCompile>
    <ClCompile Include="src\verify_mod_installation.cpp">
      <Filter>Utility</Filter>
    </ClCompile>
    <ClCompile Include="src\resources\config.cpp">
      <Filter>Utility</Filter>
    </ClCompile>
    <ClCompile Include="src\resources\stdafx.cpp">
      <Filter>Resources</Filter>
    </ClCompile>
  </ItemGroup>
  <ItemGroup>
    <ClInclude Include="src\resources\version.h">
      <Filter>Resources</Filter>
    </ClInclude>
    <ClInclude Include="src\resources\helper.hpp">
      <Filter>Utility\Headers</Filter>
    </ClInclude>
    <ClInclude Include="src\resources\version_checking.hpp">
      <Filter>Utility\Headers</Filter>
    </ClInclude>
    <ClInclude Include="src\resources\submodule_initiailization.hpp">
      <Filter>Utility\Headers</Filter>
    </ClInclude>
    <ClInclude Include="src\resources\logging.hpp">
      <Filter>Utility\Headers</Filter>
    </ClInclude>
    <ClInclude Include="src\resources\stdafx.h">
      <Filter>Resources</Filter>
    </ClInclude>
    <ClInclude Include="src\resources\common.hpp">
      <Filter>Utility\Headers</Filter>
    </ClInclude>
    <ClInclude Include="src\resources\config.hpp">
      <Filter>Utility\Headers</Filter>
    </ClInclude>
    <ClInclude Include="src\resources\config_keys.hpp">
      <Filter>Utility\Headers</Filter>
    </ClInclude>
    <ClInclude Include="src\verify_mod_installation.hpp">
      <Filter>Utility\Headers</Filter>
    </ClInclude>
  </ItemGroup>
  <ItemGroup>
    <None Include="README.md">
      <Filter>Resources</Filter>
    </None>
    <None Include="MGS3-Demastered-Subsistence-Edition.ini">
      <Filter>Resources</Filter>
    </None>
  </ItemGroup>
  <ItemGroup>
    <Filter Include="Resources">
      <UniqueIdentifier>{9e661797-fd7d-422f-845a-a1101bcd6f30}</UniqueIdentifier>
    </Filter>
    <Filter Include="Utility">
      <UniqueIdentifier>{e7e651f5-92ec-4540-86a7-9622adfc5a53}</UniqueIdentifier>
    </Filter>
    <Filter Include="Utility\Headers">
      <UniqueIdentifier>{d0180c24-b496-4966-84d1-635769f94018}</UniqueIdentifier>
    </Filter>
  </ItemGroup>
  <ItemGroup>
    <Image Include="src\resources\afevis-mods.ico">
      <Filter>Resources</Filter>
    </Image>
  </ItemGroup>
  <ItemGroup>
    <ResourceCompile Include="src\resources\afevis.rc">
      <Filter>Resources</Filter>
    </ResourceCompile>
  </ItemGroup>
</Project>